
Microsoft Visual Studio Solution File, Format Version 12.00
# Visual Studio Version 17
VisualStudioVersion = 17.1.32210.238
MinimumVisualStudioVersion = 10.0.40219.1
Project("{FAE04EC0-301F-11D3-BF4B-00C04F79EFBC}") = "N3U1P9_Graf", "N3U1P9_Graf\N3U1P9_Graf.csproj", "{DC08B200-413E-40C9-94FF-496457286C2F}"
EndProject
Global
	GlobalSection(SolutionConfigurationPlatforms) = preSolution
		Debug|Any CPU = Debug|Any CPU
		Release|Any CPU = Release|Any CPU
	EndGlobalSection
	GlobalSection(ProjectConfigurationPlatforms) = postSolution
		{DC08B200-413E-40C9-94FF-496457286C2F}.Debug|Any CPU.ActiveCfg = Debug|Any CPU
		{DC08B200-413E-40C9-94FF-496457286C2F}.Debug|Any CPU.Build.0 = Debug|Any CPU
		{DC08B200-413E-40C9-94FF-496457286C2F}.Release|Any CPU.ActiveCfg = Release|Any CPU
		{DC08B200-413E-40C9-94FF-496457286C2F}.Release|Any CPU.Build.0 = Release|Any CPU
	EndGlobalSection
	GlobalSection(SolutionProperties) = preSolution
		HideSolutionNode = FALSE
	EndGlobalSection
	GlobalSection(ExtensibilityGlobals) = postSolution
		SolutionGuid = {99EF6678-5808-4927-A4F6-AFCB81C46071}
	EndGlobalSection
EndGlobal
